Microsoft Visual Studio Solution File, Format Version 12.00
# Visual Studio Version 17
VisualStudioVersion = 17.8.34322.80
MinimumVisualStudioVersion = 10.0.40219.1
Project("{9A19103F-16F7-4668-BE54-9A1E7A4F7556}") = "Web.Api", "Web.Api.csproj", "{40F264C8-92F0-49BF-B5AF-11A6BB47BC2C}"
EndProject
Project("{2150E333-8FDC-42A3-9474-1A3956D46DE8}") = "Solution Items", "Solution Items", "{8F66A6F4-95D1-4AD6-8F24-A9F92C37B194}"
	ProjectSection(SolutionItems) = preProject
		.editorconfig = .editorconfig
	EndProjectSection
EndProject
Global
	GlobalSection(SolutionConfigurationPlatforms) = preSolution
		Debug|Any CPU = Debug|Any CPU
		Release|Any CPU = Release|Any CPU
	EndGlobalSection
	GlobalSection(ProjectConfigurationPlatforms) = postSolution
		{40F264C8-92F0-49BF-B5AF-11A6BB47BC2C}.Debug|Any CPU.ActiveCfg = Debug|Any CPU
		{40F264C8-92F0-49BF-B5AF-11A6BB47BC2C}.Debug|Any CPU.Build.0 = Debug|Any CPU
		{40F264C8-92F0-49BF-B5AF-11A6BB47BC2C}.Release|Any CPU.ActiveCfg = Release|Any CPU
		{40F264C8-92F0-49BF-B5AF-11A6BB47BC2C}.Release|Any CPU.Build.0 = Release|Any CPU
	EndGlobalSection
	GlobalSection(SolutionProperties) = preSolution
		HideSolutionNode = FALSE
	EndGlobalSection
	GlobalSection(ExtensibilityGlobals) = postSolution
		SolutionGuid = {08D03517-A4EB-4DEE-87DD-EB095F60CDFB}
	EndGlobalSection
EndGlobal
